{
  "name": "npm-workspace-and-project-references",
  "version": "1.0.0",
  "lockfileVersion": 2,
  "requires": true,
  "packages": {
    "": {
      "name": "npm-workspace-and-project-references",
      "version": "1.0.0",
      "license": "ISC",
      "workspaces": [
        "project1",
        "project2"
      ],
      "devDependencies": {
        "typescript": "^4.9.5"
      }
    },
    "node_modules/project1": {
      "resolved": "project1",
      "link": true
    },
    "node_modules/project2": {
      "resolved": "project2",
      "link": true
    },
    "node_modules/typescript": {
      "version": "4.9.5",
      "resolved": "https://registry.npmjs.org/typescript/-/typescript-4.9.5.tgz",
      "integrity": "sha512-1FXk9E2Hm+QzZQ7z+McJiHL4NW1F2EzMu9Nq9i3zAaGqibafqYwCVU6WyWAuyQRRzOlxou8xZSyXLEN8oKj24g==",
      "dev": true,
      "bin": {
        "tsc": "bin/tsc",
        "tsserver": "bin/tsserver"
      },
      "engines": {
        "node": ">=4.2.0"
      }
    },
    "project1": {
      "version": "1.0.0",
      "license": "ISC",
      "devDependencies": {}
    },
    "project2": {
      "version": "1.0.0",
      "license": "ISC",
      "devDependencies": {}
    }
  },
  "dependencies": {
    "project1": {
      "version": "file:project1"
    },
    "project2": {
      "version": "file:project2"
    },
    "typescript": {
      "version": "4.9.5",
      "resolved": "https://registry.npmjs.org/typescript/-/typescript-4.9.5.tgz",
      "integrity": "sha512-1FXk9E2Hm+QzZQ7z+McJiHL4NW1F2EzMu9Nq9i3zAaGqibafqYwCVU6WyWAuyQRRzOlxou8xZSyXLEN8oKj24g==",
      "dev": true
    }
  }
}
